
Microsoft Visual Studio Solution File, Format Version 12.00
# Visual Studio Version 16
VisualStudioVersion = 16.0.31410.357
MinimumVisualStudioVersion = 10.0.40219.1
Project("{FAE04EC0-301F-11D3-BF4B-00C04F79EFBC}") = "Longest word in File", "Longest word in File\Longest word in File.csproj", "{0746FDBC-87C6-45E4-88EC-C308A2BE7FA0}"
EndProject
Global
	GlobalSection(SolutionConfigurationPlatforms) = preSolution
		Debug|Any CPU = Debug|Any CPU
		Release|Any CPU = Release|Any CPU
	EndGlobalSection
	GlobalSection(ProjectConfigurationPlatforms) = postSolution
		{0746FDBC-87C6-45E4-88EC-C308A2BE7FA0}.Debug|Any CPU.ActiveCfg = Debug|Any CPU
		{0746FDBC-87C6-45E4-88EC-C308A2BE7FA0}.Debug|Any CPU.Build.0 = Debug|Any CPU
		{0746FDBC-87C6-45E4-88EC-C308A2BE7FA0}.Release|Any CPU.ActiveCfg = Release|Any CPU
		{0746FDBC-87C6-45E4-88EC-C308A2BE7FA0}.Release|Any CPU.Build.0 = Release|Any CPU
	EndGlobalSection
	GlobalSection(SolutionProperties) = preSolution
		HideSolutionNode = FALSE
	EndGlobalSection
	GlobalSection(ExtensibilityGlobals) = postSolution
		SolutionGuid = {40C9DA01-BAFA-4C4C-932B-C083472F0E92}
	EndGlobalSection
EndGlobal
